github.com/bsm/ginkgo/v2 v2.12.0 h1:Ny8MWAHyOepLGlLKYmXG4IEkioBysk6GpaRTLC8zwWs=
github.com/bsm/ginkgo/v2 v2.12.0/go.mod h1:SwYbGRRDovPVboqFv0tPTcG1sN61LM1Z4ARdbAV9g4c=
github.com/bsm/gomega v1.27.10 h1:yeMWxP2pV2fG3FgAODIY8EiRE3dy0aeFYt4l7wh6yKA=
github.com/bsm/gomega v1.27.10/go.mod h1:JyEr/xRbxbtgWNi8tIEVPUYZ5Dzef52k01W3YH0H+O0=
github.com/cespare/xxhash/v2 v2.3.0 h1:UL815xU9SqsFlibzuggzjXhog7bL6oX9BbNZnL2UFvs=
github.com/cespare/xxhash/v2 v2.3.0/go.mod h1:VGX0DQ3Q6kWi7AoAeZDth3/j3BFtOZR5XLFGgcrjCOs=
github.com/davecgh/go-spew v1.1.1 h1:vj9j/u1bqnvCEfJOwUhtlOARqs3+rkHYY13jYWTU97c=
github.com/davecgh/go-spew v1.1.1/go.mod h1:J7Y8YcW2NihsgmVo/mv3lAwl/skON4iLHjSsI+c5H38=
github.com/dgryski/go-rendezvous v0.0.0-20200823014737-9f7001d12a5f h1:lO4WD4F/rVNCu3HqELle0jiPLLBs70cWOduZpkS1E78=
github.com/dgryski/go-rendezvous v0.0.0-20200823014737-9f7001d12a5f/go.mod h1:cuUVRXasLTGF7a8hSLbxyZXjz+1KgoB3wDUb6vlszIc=
github.com/goware/cachestore2 v0.12.2 h1:04YGXkMwbH1xe82siCO7iaPhetntRABN5fWhBKEzduY=
github.com/goware/cachestore2 v0.12.2/go.mod h1:PR+lXK8UXa/wjKB7mpIj6HtRhC7vbcRXx4b5F1Av/ik=
github.com/goware/cachestore2 v0.12.3-0.20250425075357-00f04d97d0fe h1:bfWeqUtK//A9OQ3qP20pR1iQCZadSlWHW4C54afxdrw=
github.com/goware/cachestore2 v0.12.3-0.20250425075357-00f04d97d0fe/go.mod h1:PR+lXK8UXa/wjKB7mpIj6HtRhC7vbcRXx4b5F1Av/ik=
github.com/goware/cachestore2 v0.12.3-0.20250425080306-f883c7fb563a h1:Rg5/uj1niF/SJv4q9oI8HsokLbfC56u65SYZEHojRdY=
github.com/goware/cachestore2 v0.12.3-0.20250425080306-f883c7fb563a/go.mod h1:PR+lXK8UXa/wjKB7mpIj6HtRhC7vbcRXx4b5F1Av/ik=
github.com/goware/cachestore2 v0.12.3-0.20250425125611-2f9758633cac h1:89aTqXNkcOTpARTWedz81VElMKTwJA9tduZkaxC6dYQ=
github.com/goware/cachestore2 v0.12.3-0.20250425125611-2f9758633cac/go.mod h1:PR+lXK8UXa/wjKB7mpIj6HtRhC7vbcRXx4b5F1Av/ik=
github.com/goware/cachestore2 v0.12.3-0.20250425125906-78993e19404a h1:hy11QKZWqL9RmervoKvEJHk8mbefF1wdZZwnxldy0BQ=
github.com/goware/cachestore2 v0.12.3-0.20250425125906-78993e19404a/go.mod h1:PR+lXK8UXa/wjKB7mpIj6HtRhC7vbcRXx4b5F1Av/ik=
github.com/goware/cachestore2 v0.12.3-0.20250429093919-f61f467363b6 h1:X4R+dVxsbZSnaUH9pWfaUAh/vK69k8CIb+oPKB4er9s=
github.com/goware/cachestore2 v0.12.3-0.20250429093919-f61f467363b6/go.mod h1:PR+lXK8UXa/wjKB7mpIj6HtRhC7vbcRXx4b5F1Av/ik=
github.com/pmezard/go-difflib v1.0.0 h1:4DBwDE0NGyQoBHbLQYPwSUPoCMWR5BEzIk/f1lZbAQM=
github.com/pmezard/go-difflib v1.0.0/go.mod h1:iKH77koFhYxTK1pcRnkKkqfTogsbg7gZNVY4sRDYZ/4=
github.com/redis/go-redis/v9 v9.7.3 h1:YpPyAayJV+XErNsatSElgRZZVCwXX9QzkKYNvO7x0wM=
github.com/redis/go-redis/v9 v9.7.3/go.mod h1:bGUrSggJ9X9GUmZpZNEOQKaANxSGgOEBRltRTZHSvrA=
github.com/stretchr/testify v1.10.0 h1:Xv5erBjTwe/5IxqUQTdXv5kgmIvbHo3QQyRwhJsOfJA=
github.com/stretchr/testify v1.10.0/go.mod h1:r2ic/lqez/lEtzL7wO/rwa5dbSLXVDPFyf8C91i36aY=
golang.org/x/sync v0.13.0 h1:AauUjRAJ9OSnvULf/ARrrVywoJDy0YS2AwQ98I37610=
golang.org/x/sync v0.13.0/go.mod h1:1dzgHSNfp02xaA81J2MS99Qcpr2w7fw1gpm99rleRqA=
gopkg.in/check.v1 v0.0.0-20161208181325-20d25e280405 h1:yhCVgyC4o1eVCa2tZl7eS0r+SDo693bJlVdllGtEeKM=
gopkg.in/check.v1 v0.0.0-20161208181325-20d25e280405/go.mod h1:Co6ibVJAznAaIkqp8huTwlJQCZ016jof/cbN4VW5Yz0=
gopkg.in/yaml.v3 v3.0.1 h1:fxVm/GzAzEWqLHuvctI91KS9hhNmmWOoWu0XTYJS7CA=
gopkg.in/yaml.v3 v3.0.1/go.mod h1:K4uyk7z7BCEPqu6E+C64Yfv1cQ7kz7rIZviUmN+EgEM=
